{
  "name": "indhithirdpartytest",
  "version": "1.0.0",
  "lockfileVersion": 2,
  "requires": true,
  "packages": {
    "": {
      "name": "indhithirdpartytest",
      "version": "1.0.0",
      "license": "ISC",
      "dependencies": {
        "indhithirdpartytest": "^1.0.0",
        "testpackage": "^1.0.0"
      }
    },
    "node_modules/indhithirdpartytest": {
      "version": "1.0.0",
      "resolved": "https://registry.npmjs.org/indhithirdpartytest/-/indhithirdpartytest-1.0.0.tgz",
      "integrity": "sha512-r8icLzWOzTJRISeOq6NlMrUJJEhv5SMaEIDx+gl9O1K3DZub1NRdP0CZEGxdH/8f5LfTG8UbRPlZHeGfDS6/Zw=="
    },
    "node_modules/testpackage": {
      "version": "1.0.0",
      "resolved": "https://registry.npmjs.org/testpackage/-/testpackage-1.0.0.tgz",
      "integrity": "sha1-Qq/M36Kk5dOOkyjKrgqF8hQXj0U="
    }
  },
  "dependencies": {
    "indhithirdpartytest": {
      "version": "1.0.0",
      "resolved": "https://registry.npmjs.org/indhithirdpartytest/-/indhithirdpartytest-1.0.0.tgz",
      "integrity": "sha512-r8icLzWOzTJRISeOq6NlMrUJJEhv5SMaEIDx+gl9O1K3DZub1NRdP0CZEGxdH/8f5LfTG8UbRPlZHeGfDS6/Zw=="
    },
    "testpackage": {
      "version": "1.0.0",
      "resolved": "https://registry.npmjs.org/testpackage/-/testpackage-1.0.0.tgz",
      "integrity": "sha1-Qq/M36Kk5dOOkyjKrgqF8hQXj0U="
    }
  }
}
